# This file is autogenerated, do not edit; changes may be undone by the next 'dep ensure'.


[[projects]]
  name = "github.com/russross/blackfriday"
  packages = ["."]
  revision = "cadec560ec52d93835bf2f15bd794700d3a2473b"
  version = "v2.0.0"

[[projects]]
  name = "github.com/s12chung/gostatic"
  packages = [
    "go/app",
    "go/cli",
    "go/lib/html",
    "go/lib/markdown",
    "go/lib/pool",
    "go/lib/robots",
    "go/lib/router",
    "go/lib/utils",
    "go/lib/webpack"
  ]
  revision = "2373852575120781ca2ea22896879f3ab489fdbf"
  version = "v1.0.0"

[[projects]]
  branch = "master"
  name = "github.com/shurcooL/sanitized_anchor_name"
  packages = ["."]
  revision = "86672fcb3f950f35f2e675df2240550f2a50762f"

[[projects]]
  name = "github.com/sirupsen/logrus"
  packages = ["."]
  revision = "3e01752db0189b9157070a0e1668a620f9a85da2"
  version = "v1.0.6"

[[projects]]
  branch = "master"
  name = "golang.org/x/crypto"
  packages = ["ssh/terminal"]
  revision = "614d502a4dac94afa3a6ce146bd1736da82514c6"

[[projects]]
  branch = "master"
  name = "golang.org/x/sys"
  packages = [
    "unix",
    "windows"
  ]
  revision = "d99a578cf41bfccdeaf48b0845c823a4b8b0ad5e"

[solve-meta]
  analyzer-name = "dep"
  analyzer-version = 1
  inputs-digest = "136945742596880f3b0501f424dbf85550f2fb7303ee4a9f1561f80bed0a6ec7"
  solver-name = "gps-cdcl"
  solver-version = 1
