# This file is autogenerated, do not edit; changes may be undone by the next 'dep ensure'.


[[projects]]
  branch = "master"
  name = "github.com/konsorten/go-windows-terminal-sequences"
  packages = ["."]
  revision = "b729f2633dfe35f4d1d8a32385f6685610ce1cb5"

[[projects]]
  name = "github.com/russross/blackfriday"
  packages = ["."]
  revision = "d3b5b032dc8e8927d31a5071b56e14c89f045135"
  version = "v2.0.1"

[[projects]]
  branch = "master"
  name = "github.com/s12chung/gostatic"
  packages = [
    "go/app",
    "go/cli",
    "go/lib/html",
    "go/lib/pool",
    "go/lib/router",
    "go/lib/utils",
    "go/lib/webpack"
  ]
  revision = "82e6336e8156fc3d63086d731fa92b5036d4b7cc"

[[projects]]
  branch = "master"
  name = "github.com/s12chung/gostatic-packages"
  packages = [
    "markdown",
    "robots"
  ]
  revision = "6c8d3836483be7160fee483a6e912f1dfeb886d6"

[[projects]]
  branch = "master"
  name = "github.com/shurcooL/sanitized_anchor_name"
  packages = ["."]
  revision = "86672fcb3f950f35f2e675df2240550f2a50762f"

[[projects]]
  name = "github.com/sirupsen/logrus"
  packages = ["."]
  revision = "a67f783a3814b8729bd2dac5780b5f78f8dbd64d"
  version = "v1.1.0"

[[projects]]
  branch = "master"
  name = "golang.org/x/crypto"
  packages = ["ssh/terminal"]
  revision = "5295e8364332db77d75fce11f1d19c053919a9c9"

[[projects]]
  branch = "master"
  name = "golang.org/x/sys"
  packages = [
    "unix",
    "windows"
  ]
  revision = "e4b3c5e9061176387e7cea65e4dc5853801f3fb7"

[solve-meta]
  analyzer-name = "dep"
  analyzer-version = 1
  inputs-digest = "8427bd7bcfe7f47dfc87745a574f2842ec8f7d4ddf391da8faeef3fb415c43f8"
  solver-name = "gps-cdcl"
  solver-version = 1
